// !$*UTF8*$!
{
	archiveVersion = 1;
	classes = {
	};
	objectVersion = 56;
	objects = {

/* Begin PBXBuildFile section */
		272597662B6265080099A6DF /* SignUpVC.swift in Sources */ = {isa = PBXBuildFile; fileRef = 272597652B6265080099A6DF /* SignUpVC.swift */; };
		2737AB4E2B652FD600313769 /* mainPageTableViewCell.swift in Sources */ = {isa = PBXBuildFile; fileRef = 2737AB4D2B652FD600313769 /* mainPageTableViewCell.swift */; };
		278410132B62A9B000006AD4 /* FirebaseAnalytics in Frameworks */ = {isa = PBXBuildFile; productRef = 278410122B62A9B000006AD4 /* FirebaseAnalytics */; };
		278410152B62A9B000006AD4 /* FirebaseAnalyticsOnDeviceConversion in Frameworks */ = {isa = PBXBuildFile; productRef = 278410142B62A9B000006AD4 /* FirebaseAnalyticsOnDeviceConversion */; };
		278410172B62A9B000006AD4 /* FirebaseAnalyticsSwift in Frameworks */ = {isa = PBXBuildFile; productRef = 278410162B62A9B000006AD4 /* FirebaseAnalyticsSwift */; };
		278410192B62A9B000006AD4 /* FirebaseAnalyticsWithoutAdIdSupport in Frameworks */ = {isa = PBXBuildFile; productRef = 278410182B62A9B000006AD4 /* FirebaseAnalyticsWithoutAdIdSupport */; };
		2784101B2B62A9B000006AD4 /* FirebaseAppCheck in Frameworks */ = {isa = PBXBuildFile; productRef = 2784101A2B62A9B000006AD4 /* FirebaseAppCheck */; };
		2784101D2B62AAB000006AD4 /* FirebaseAnalytics in Frameworks */ = {isa = PBXBuildFile; productRef = 2784101C2B62AAB000006AD4 /* FirebaseAnalytics */; };
		2784101F2B62AAB000006AD4 /* FirebaseAnalyticsOnDeviceConversion in Frameworks */ = {isa = PBXBuildFile; productRef = 2784101E2B62AAB000006AD4 /* FirebaseAnalyticsOnDeviceConversion */; };
		278410212B62AAB000006AD4 /* FirebaseAnalyticsSwift in Frameworks */ = {isa = PBXBuildFile; productRef = 278410202B62AAB000006AD4 /* FirebaseAnalyticsSwift */; };
		278410232B62AAB000006AD4 /* FirebaseAnalyticsWithoutAdIdSupport in Frameworks */ = {isa = PBXBuildFile; productRef = 278410222B62AAB000006AD4 /* FirebaseAnalyticsWithoutAdIdSupport */; };
		278410252B62AAB000006AD4 /* FirebaseAppCheck in Frameworks */ = {isa = PBXBuildFile; productRef = 278410242B62AAB000006AD4 /* FirebaseAppCheck */; };
		278410272B62AAB000006AD4 /* FirebaseAppDistribution-Beta in Frameworks */ = {isa = PBXBuildFile; productRef = 278410262B62AAB000006AD4 /* FirebaseAppDistribution-Beta */; };
		278410292B62AAB000006AD4 /* FirebaseAuth in Frameworks */ = {isa = PBXBuildFile; productRef = 278410282B62AAB000006AD4 /* FirebaseAuth */; };
		2784102B2B62AAB000006AD4 /* FirebaseAuthCombine-Community in Frameworks */ = {isa = PBXBuildFile; productRef = 2784102A2B62AAB000006AD4 /* FirebaseAuthCombine-Community */; };
		2784102D2B62AAB000006AD4 /* FirebaseCrashlytics in Frameworks */ = {isa = PBXBuildFile; productRef = 2784102C2B62AAB000006AD4 /* FirebaseCrashlytics */; };
		2784102F2B62AAB000006AD4 /* FirebaseDatabase in Frameworks */ = {isa = PBXBuildFile; productRef = 2784102E2B62AAB000006AD4 /* FirebaseDatabase */; };
		278410312B62AAB000006AD4 /* FirebaseDatabaseSwift in Frameworks */ = {isa = PBXBuildFile; productRef = 278410302B62AAB000006AD4 /* FirebaseDatabaseSwift */; };
		278410332B62AAB000006AD4 /* FirebaseDynamicLinks in Frameworks */ = {isa = PBXBuildFile; productRef = 278410322B62AAB000006AD4 /* FirebaseDynamicLinks */; };
		278410352B62AAB000006AD4 /* FirebaseFirestore in Frameworks */ = {isa = PBXBuildFile; productRef = 278410342B62AAB000006AD4 /* FirebaseFirestore */; };
		278410372B62AAB000006AD4 /* FirebaseFirestoreCombine-Community in Frameworks */ = {isa = PBXBuildFile; productRef = 278410362B62AAB000006AD4 /* FirebaseFirestoreCombine-Community */; };
		278410392B62AAB000006AD4 /* FirebaseFirestoreSwift in Frameworks */ = {isa = PBXBuildFile; productRef = 278410382B62AAB000006AD4 /* FirebaseFirestoreSwift */; };
		2784103B2B62AAB000006AD4 /* FirebaseFunctions in Frameworks */ = {isa = PBXBuildFile; productRef = 2784103A2B62AAB000006AD4 /* FirebaseFunctions */; };
		2784103D2B62AAB000006AD4 /* FirebaseFunctionsCombine-Community in Frameworks */ = {isa = PBXBuildFile; productRef = 2784103C2B62AAB000006AD4 /* FirebaseFunctionsCombine-Community */; };
		2784103F2B62AAB000006AD4 /* FirebaseInAppMessaging-Beta in Frameworks */ = {isa = PBXBuildFile; productRef = 2784103E2B62AAB000006AD4 /* FirebaseInAppMessaging-Beta */; };
		278410412B62AAB000006AD4 /* FirebaseInAppMessagingSwift-Beta in Frameworks */ = {isa = PBXBuildFile; productRef = 278410402B62AAB000006AD4 /* FirebaseInAppMessagingSwift-Beta */; };
		278410432B62AAB000006AD4 /* FirebaseInstallations in Frameworks */ = {isa = PBXBuildFile; productRef = 278410422B62AAB000006AD4 /* FirebaseInstallations */; };
		278410452B62AAB000006AD4 /* FirebaseMLModelDownloader in Frameworks */ = {isa = PBXBuildFile; productRef = 278410442B62AAB000006AD4 /* FirebaseMLModelDownloader */; };
		278410472B62AAB000006AD4 /* FirebaseMessaging in Frameworks */ = {isa = PBXBuildFile; productRef = 278410462B62AAB000006AD4 /* FirebaseMessaging */; };
		278410492B62AAB000006AD4 /* FirebasePerformance in Frameworks */ = {isa = PBXBuildFile; productRef = 278410482B62AAB000006AD4 /* FirebasePerformance */; };
		2784104B2B62AAB000006AD4 /* FirebaseRemoteConfig in Frameworks */ = {isa = PBXBuildFile; productRef = 2784104A2B62AAB000006AD4 /* FirebaseRemoteConfig */; };
		2784104D2B62AAB000006AD4 /* FirebaseRemoteConfigSwift in Frameworks */ = {isa = PBXBuildFile; productRef = 2784104C2B62AAB000006AD4 /* FirebaseRemoteConfigSwift */; };
		2784104F2B62AAB000006AD4 /* FirebaseStorage in Frameworks */ = {isa = PBXBuildFile; productRef = 2784104E2B62AAB000006AD4 /* FirebaseStorage */; };
		278410512B62AAB000006AD4 /* FirebaseStorageCombine-Community in Frameworks */ = {isa = PBXBuildFile; productRef = 278410502B62AAB000006AD4 /* FirebaseStorageCombine-Community */; };
		278410532B62BE7A00006AD4 /* Homepage.storyboard in Resources */ = {isa = PBXBuildFile; fileRef = 278410522B62BE7A00006AD4 /* Homepage.storyboard */; };
		278A96082B63E13E0000209D /* alertBox.swift in Sources */ = {isa = PBXBuildFile; fileRef = 278A96072B63E13E0000209D /* alertBox.swift */; };
		278C1CD22B66163C00311EE9 /* HomePageViewController.swift in Sources */ = {isa = PBXBuildFile; fileRef = 278C1CD12B66163C00311EE9 /* HomePageViewController.swift */; };
		2790FF9B2B691A4A00335497 /* AddPostViewController.swift in Sources */ = {isa = PBXBuildFile; fileRef = 2790FF9A2B691A4A00335497 /* AddPostViewController.swift */; };
		2792BAE92B70BA19005020A3 /* EnterUserDetailsVC.swift in Sources */ = {isa = PBXBuildFile; fileRef = 2792BAE82B70BA19005020A3 /* EnterUserDetailsVC.swift */; };
		27978C2F2B6257E00013A036 /* textFieldStyle.swift in Sources */ = {isa = PBXBuildFile; fileRef = 27978C2E2B6257E00013A036 /* textFieldStyle.swift */; };
		279E60BA2B6150B7001ABFAD /* Main.storyboard in Resources */ = {isa = PBXBuildFile; fileRef = 279E60B92B6150B7001ABFAD /* Main.storyboard */; };
		279E60BC2B6150D6001ABFAD /* LoginVC.swift in Sources */ = {isa = PBXBuildFile; fileRef = 279E60BB2B6150D6001ABFAD /* LoginVC.swift */; };
		27E023772B8091E5009D368D /* GoogleService-Info.plist in Resources */ = {isa = PBXBuildFile; fileRef = 27E023762B8091E5009D368D /* GoogleService-Info.plist */; };
		27E0AE462B63908C006E9BDF /* GoogleSignIn in Frameworks */ = {isa = PBXBuildFile; productRef = 27E0AE452B63908C006E9BDF /* GoogleSignIn */; };
		27E0AE482B63908C006E9BDF /* GoogleSignInSwift in Frameworks */ = {isa = PBXBuildFile; productRef = 27E0AE472B63908C006E9BDF /* GoogleSignInSwift */; };
		27EC4A4D2B60564B000E0E68 /* AppDelegate.swift in Sources */ = {isa = PBXBuildFile; fileRef = 27EC4A4C2B60564B000E0E68 /* AppDelegate.swift */; };
		27EC4A4F2B60564B000E0E68 /* SceneDelegate.swift in Sources */ = {isa = PBXBuildFile; fileRef = 27EC4A4E2B60564B000E0E68 /* SceneDelegate.swift */; };
		27EC4A562B60564D000E0E68 /* Assets.xcassets in Resources */ = {isa = PBXBuildFile; fileRef = 27EC4A552B60564D000E0E68 /* Assets.xcassets */; };
		27EC4A592B60564D000E0E68 /* LaunchScreen.storyboard in Resources */ = {isa = PBXBuildFile; fileRef = 27EC4A572B60564D000E0E68 /* LaunchScreen.storyboard */; };
/* End PBXBuildFile section */

/* Begin PBXFileReference section */
		272597652B6265080099A6DF /* SignUpVC.swift */ = {isa = PBXFileReference; lastKnownFileType = sourcecode.swift; path = SignUpVC.swift; sourceTree = "<group>"; };
		2737AB4D2B652FD600313769 /* mainPageTableViewCell.swift */ = {isa = PBXFileReference; lastKnownFileType = sourcecode.swift; path = mainPageTableViewCell.swift; sourceTree = "<group>"; };
		278410522B62BE7A00006AD4 /* Homepage.storyboard */ = {isa = PBXFileReference; lastKnownFileType = file.storyboard; path = Homepage.storyboard; sourceTree = "<group>"; };
		278A96072B63E13E0000209D /* alertBox.swift */ = {isa = PBXFileReference; lastKnownFileType = sourcecode.swift; path = alertBox.swift; sourceTree = "<group>"; };
		278C1CD12B66163C00311EE9 /* HomePageViewController.swift */ = {isa = PBXFileReference; lastKnownFileType = sourcecode.swift; path = HomePageViewController.swift; sourceTree = "<group>"; };
		2790FF9A2B691A4A00335497 /* AddPostViewController.swift */ = {isa = PBXFileReference; lastKnownFileType = sourcecode.swift; path = AddPostViewController.swift; sourceTree = "<group>"; };
		2792BAE82B70BA19005020A3 /* EnterUserDetailsVC.swift */ = {isa = PBXFileReference; lastKnownFileType = sourcecode.swift; path = EnterUserDetailsVC.swift; sourceTree = "<group>"; };
		27978C2E2B6257E00013A036 /* textFieldStyle.swift */ = {isa = PBXFileReference; lastKnownFileType = sourcecode.swift; path = textFieldStyle.swift; sourceTree = "<group>"; };
		279E60B92B6150B7001ABFAD /* Main.storyboard */ = {isa = PBXFileReference; lastKnownFileType = file.storyboard; path = Main.storyboard; sourceTree = "<group>"; };
		279E60BB2B6150D6001ABFAD /* LoginVC.swift */ = {isa = PBXFileReference; lastKnownFileType = sourcecode.swift; path = LoginVC.swift; sourceTree = "<group>"; };
		27E023762B8091E5009D368D /* GoogleService-Info.plist */ = {isa = PBXFileReference; fileEncoding = 4; lastKnownFileType = text.plist.xml; name = "GoogleService-Info.plist"; path = "../../../../Downloads/GoogleService-Info.plist"; sourceTree = "<group>"; };
		27EC4A492B60564B000E0E68 /* MeowStar.app */ = {isa = PBXFileReference; explicitFileType = wrapper.application; includeInIndex = 0; path = MeowStar.app; sourceTree = BUILT_PRODUCTS_DIR; };
		27EC4A4C2B60564B000E0E68 /* AppDelegate.swift */ = {isa = PBXFileReference; lastKnownFileType = sourcecode.swift; path = AppDelegate.swift; sourceTree = "<group>"; };
		27EC4A4E2B60564B000E0E68 /* SceneDelegate.swift */ = {isa = PBXFileReference; lastKnownFileType = sourcecode.swift; path = SceneDelegate.swift; sourceTree = "<group>"; };
		27EC4A552B60564D000E0E68 /* Assets.xcassets */ = {isa = PBXFileReference; lastKnownFileType = folder.assetcatalog; path = Assets.xcassets; sourceTree = "<group>"; };
		27EC4A582B60564D000E0E68 /* Base */ = {isa = PBXFileReference; lastKnownFileType = file.storyboard; name = Base; path = Base.lproj/LaunchScreen.storyboard; sourceTree = "<group>"; };
		27EC4A5A2B60564D000E0E68 /* Info.plist */ = {isa = PBXFileReference; lastKnownFileType = text.plist.xml; path = Info.plist; sourceTree = "<group>"; };
/* End PBXFileReference section */

/* Begin PBXFrameworksBuildPhase section */
		27EC4A462B60564B000E0E68 /* Frameworks */ = {
			isa = PBXFrameworksBuildPhase;
			buildActionMask = 2147483647;
			files = (
				278410472B62AAB000006AD4 /* FirebaseMessaging in Frameworks */,
				278410372B62AAB000006AD4 /* FirebaseFirestoreCombine-Community in Frameworks */,
				27E0AE462B63908C006E9BDF /* GoogleSignIn in Frameworks */,
				2784102F2B62AAB000006AD4 /* FirebaseDatabase in Frameworks */,
				278410172B62A9B000006AD4 /* FirebaseAnalyticsSwift in Frameworks */,
				2784104F2B62AAB000006AD4 /* FirebaseStorage in Frameworks */,
				278410132B62A9B000006AD4 /* FirebaseAnalytics in Frameworks */,
				2784101D2B62AAB000006AD4 /* FirebaseAnalytics in Frameworks */,
				2784102D2B62AAB000006AD4 /* FirebaseCrashlytics in Frameworks */,
				27E0AE482B63908C006E9BDF /* GoogleSignInSwift in Frameworks */,
				278410352B62AAB000006AD4 /* FirebaseFirestore in Frameworks */,
				278410332B62AAB000006AD4 /* FirebaseDynamicLinks in Frameworks */,
				278410512B62AAB000006AD4 /* FirebaseStorageCombine-Community in Frameworks */,
				2784101F2B62AAB000006AD4 /* FirebaseAnalyticsOnDeviceConversion in Frameworks */,
				2784103D2B62AAB000006AD4 /* FirebaseFunctionsCombine-Community in Frameworks */,
				278410412B62AAB000006AD4 /* FirebaseInAppMessagingSwift-Beta in Frameworks */,
				278410452B62AAB000006AD4 /* FirebaseMLModelDownloader in Frameworks */,
				2784103F2B62AAB000006AD4 /* FirebaseInAppMessaging-Beta in Frameworks */,
				278410492B62AAB000006AD4 /* FirebasePerformance in Frameworks */,
				2784102B2B62AAB000006AD4 /* FirebaseAuthCombine-Community in Frameworks */,
				278410212B62AAB000006AD4 /* FirebaseAnalyticsSwift in Frameworks */,
				278410312B62AAB000006AD4 /* FirebaseDatabaseSwift in Frameworks */,
				278410152B62A9B000006AD4 /* FirebaseAnalyticsOnDeviceConversion in Frameworks */,
				2784104B2B62AAB000006AD4 /* FirebaseRemoteConfig in Frameworks */,
				2784101B2B62A9B000006AD4 /* FirebaseAppCheck in Frameworks */,
				278410292B62AAB000006AD4 /* FirebaseAuth in Frameworks */,
				2784103B2B62AAB000006AD4 /* FirebaseFunctions in Frameworks */,
				278410432B62AAB000006AD4 /* FirebaseInstallations in Frameworks */,
				278410392B62AAB000006AD4 /* FirebaseFirestoreSwift in Frameworks */,
				278410232B62AAB000006AD4 /* FirebaseAnalyticsWithoutAdIdSupport in Frameworks */,
				278410252B62AAB000006AD4 /* FirebaseAppCheck in Frameworks */,
				2784104D2B62AAB000006AD4 /* FirebaseRemoteConfigSwift in Frameworks */,
				278410272B62AAB000006AD4 /* FirebaseAppDistribution-Beta in Frameworks */,
				278410192B62A9B000006AD4 /* FirebaseAnalyticsWithoutAdIdSupport in Frameworks */,
			);
			runOnlyForDeploymentPostprocessing = 0;
		};
/* End PBXFrameworksBuildPhase section */

/* Begin PBXGroup section */
		27EC4A402B60564B000E0E68 = {
			isa = PBXGroup;
			children = (
				27EC4A4B2B60564B000E0E68 /* MeowStar */,
				27EC4A4A2B60564B000E0E68 /* Products */,
			);
			sourceTree = "<group>";
		};
		27EC4A4A2B60564B000E0E68 /* Products */ = {
			isa = PBXGroup;
			children = (
				27EC4A492B60564B000E0E68 /* MeowStar.app */,
			);
			name = Products;
			sourceTree = "<group>";
		};
		27EC4A4B2B60564B000E0E68 /* MeowStar */ = {
			isa = PBXGroup;
			children = (
				27EC4A4C2B60564B000E0E68 /* AppDelegate.swift */,
				27EC4A4E2B60564B000E0E68 /* SceneDelegate.swift */,
				279E60B92B6150B7001ABFAD /* Main.storyboard */,
				278410522B62BE7A00006AD4 /* Homepage.storyboard */,
				2790FF9A2B691A4A00335497 /* AddPostViewController.swift */,
				278C1CD12B66163C00311EE9 /* HomePageViewController.swift */,
				279E60BB2B6150D6001ABFAD /* LoginVC.swift */,
				272597652B6265080099A6DF /* SignUpVC.swift */,
				27EC4A552B60564D000E0E68 /* Assets.xcassets */,
				27EC4A572B60564D000E0E68 /* LaunchScreen.storyboard */,
				27EC4A5A2B60564D000E0E68 /* Info.plist */,
				27978C2E2B6257E00013A036 /* textFieldStyle.swift */,
				278A96072B63E13E0000209D /* alertBox.swift */,
				2737AB4D2B652FD600313769 /* mainPageTableViewCell.swift */,
				2792BAE82B70BA19005020A3 /* EnterUserDetailsVC.swift */,
				27E023762B8091E5009D368D /* GoogleService-Info.plist */,
			);
			path = MeowStar;
			sourceTree = "<group>";
		};
/* End PBXGroup section */

/* Begin PBXNativeTarget section */
		27EC4A482B60564B000E0E68 /* MeowStar */ = {
			isa = PBXNativeTarget;
			buildConfigurationList = 27EC4A5D2B60564D000E0E68 /* Build configuration list for PBXNativeTarget "MeowStar" */;
			buildPhases = (
				27EC4A452B60564B000E0E68 /* Sources */,
				27EC4A462B60564B000E0E68 /* Frameworks */,
				27EC4A472B60564B000E0E68 /* Resources */,
			);
			buildRules = (
			);
			dependencies = (
			);
			name = MeowStar;
			packageProductDependencies = (
				278410122B62A9B000006AD4 /* FirebaseAnalytics */,
				278410142B62A9B000006AD4 /* FirebaseAnalyticsOnDeviceConversion */,
				278410162B62A9B000006AD4 /* FirebaseAnalyticsSwift */,
				278410182B62A9B000006AD4 /* FirebaseAnalyticsWithoutAdIdSupport */,
				2784101A2B62A9B000006AD4 /* FirebaseAppCheck */,
				2784101C2B62AAB000006AD4 /* FirebaseAnalytics */,
				2784101E2B62AAB000006AD4 /* FirebaseAnalyticsOnDeviceConversion */,
				278410202B62AAB000006AD4 /* FirebaseAnalyticsSwift */,
				278410222B62AAB000006AD4 /* FirebaseAnalyticsWithoutAdIdSupport */,
				278410242B62AAB000006AD4 /* FirebaseAppCheck */,
				278410262B62AAB000006AD4 /* FirebaseAppDistribution-Beta */,
				278410282B62AAB000006AD4 /* FirebaseAuth */,
				2784102A2B62AAB000006AD4 /* FirebaseAuthCombine-Community */,
				2784102C2B62AAB000006AD4 /* FirebaseCrashlytics */,
				2784102E2B62AAB000006AD4 /* FirebaseDatabase */,
				278410302B62AAB000006AD4 /* FirebaseDatabaseSwift */,
				278410322B62AAB000006AD4 /* FirebaseDynamicLinks */,
				278410342B62AAB000006AD4 /* FirebaseFirestore */,
				278410362B62AAB000006AD4 /* FirebaseFirestoreCombine-Community */,
				278410382B62AAB000006AD4 /* FirebaseFirestoreSwift */,
				2784103A2B62AAB000006AD4 /* FirebaseFunctions */,
				2784103C2B62AAB000006AD4 /* FirebaseFunctionsCombine-Community */,
				2784103E2B62AAB000006AD4 /* FirebaseInAppMessaging-Beta */,
				278410402B62AAB000006AD4 /* FirebaseInAppMessagingSwift-Beta */,
				278410422B62AAB000006AD4 /* FirebaseInstallations */,
				278410442B62AAB000006AD4 /* FirebaseMLModelDownloader */,
				278410462B62AAB000006AD4 /* FirebaseMessaging */,
				278410482B62AAB000006AD4 /* FirebasePerformance */,
				2784104A2B62AAB000006AD4 /* FirebaseRemoteConfig */,
				2784104C2B62AAB000006AD4 /* FirebaseRemoteConfigSwift */,
				2784104E2B62AAB000006AD4 /* FirebaseStorage */,
				278410502B62AAB000006AD4 /* FirebaseStorageCombine-Community */,
				27E0AE452B63908C006E9BDF /* GoogleSignIn */,
				27E0AE472B63908C006E9BDF /* GoogleSignInSwift */,
			);
			productName = MeowStar;
			productReference = 27EC4A492B60564B000E0E68 /* MeowStar.app */;
			productType = "com.apple.product-type.application";
		};
/* End PBXNativeTarget section */

/* Begin PBXProject section */
		27EC4A412B60564B000E0E68 /* Project object */ = {
			isa = PBXProject;
			attributes = {
				BuildIndependentTargetsInParallel = 1;
				LastSwiftUpdateCheck = 1520;
				LastUpgradeCheck = 1520;
				TargetAttributes = {
					27EC4A482B60564B000E0E68 = {
						CreatedOnToolsVersion = 15.2;
					};
				};
			};
			buildConfigurationList = 27EC4A442B60564B000E0E68 /* Build configuration list for PBXProject "MeowStar" */;
			compatibilityVersion = "Xcode 14.0";
			developmentRegion = en;
			hasScannedForEncodings = 0;
			knownRegions = (
				en,
				Base,
			);
			mainGroup = 27EC4A402B60564B000E0E68;
			packageReferences = (
				278410112B62A9B000006AD4 /* XCRemoteSwiftPackageReference "firebase-ios-sdk" */,
				27E0AE442B63908C006E9BDF /* XCRemoteSwiftPackageReference "GoogleSignIn-iOS" */,
			);
			productRefGroup = 27EC4A4A2B60564B000E0E68 /* Products */;
			projectDirPath = "";
			projectRoot = "";
			targets = (
				27EC4A482B60564B000E0E68 /* MeowStar */,
			);
		};
/* End PBXProject section */

/* Begin PBXResourcesBuildPhase section */
		27EC4A472B60564B000E0E68 /* Resources */ = {
			isa = PBXResourcesBuildPhase;
			buildActionMask = 2147483647;
			files = (
				279E60BA2B6150B7001ABFAD /* Main.storyboard in Resources */,
				278410532B62BE7A00006AD4 /* Homepage.storyboard in Resources */,
				27E023772B8091E5009D368D /* GoogleService-Info.plist in Resources */,
				27EC4A592B60564D000E0E68 /* LaunchScreen.storyboard in Resources */,
				27EC4A562B60564D000E0E68 /* Assets.xcassets in Resources */,
			);
			runOnlyForDeploymentPostprocessing = 0;
		};
/* End PBXResourcesBuildPhase section */

/* Begin PBXSourcesBuildPhase section */
		27EC4A452B60564B000E0E68 /* Sources */ = {
			isa = PBXSourcesBuildPhase;
			buildActionMask = 2147483647;
			files = (
				27EC4A4D2B60564B000E0E68 /* AppDelegate.swift in Sources */,
				2790FF9B2B691A4A00335497 /* AddPostViewController.swift in Sources */,
				27978C2F2B6257E00013A036 /* textFieldStyle.swift in Sources */,
				2737AB4E2B652FD600313769 /* mainPageTableViewCell.swift in Sources */,
				27EC4A4F2B60564B000E0E68 /* SceneDelegate.swift in Sources */,
				2792BAE92B70BA19005020A3 /* EnterUserDetailsVC.swift in Sources */,
				278C1CD22B66163C00311EE9 /* HomePageViewController.swift in Sources */,
				272597662B6265080099A6DF /* SignUpVC.swift in Sources */,
				279E60BC2B6150D6001ABFAD /* LoginVC.swift in Sources */,
				278A96082B63E13E0000209D /* alertBox.swift in Sources */,
			);
			runOnlyForDeploymentPostprocessing = 0;
		};
/* End PBXSourcesBuildPhase section */

/* Begin PBXVariantGroup section */
		27EC4A572B60564D000E0E68 /* LaunchScreen.storyboard */ = {
			isa = PBXVariantGroup;
			children = (
				27EC4A582B60564D000E0E68 /* Base */,
			);
			name = LaunchScreen.storyboard;
			sourceTree = "<group>";
		};
/* End PBXVariantGroup section */

/* Begin XCBuildConfiguration section */
		27EC4A5B2B60564D000E0E68 /* Debug */ = {
			isa = XCBuildConfiguration;
			buildSettings = {
				ALWAYS_SEARCH_USER_PATHS = NO;
				ASSETCATALOG_COMPILER_GENERATE_SWIFT_ASSET_SYMBOL_EXTENSIONS = YES;
				CLANG_ANALYZER_NONNULL = YES;
				CLANG_ANALYZER_NUMBER_OBJECT_CONVERSION = YES_AGGRESSIVE;
				CLANG_CXX_LANGUAGE_STANDARD = "gnu++20";
				CLANG_ENABLE_MODULES = YES;
				CLANG_ENABLE_OBJC_ARC = YES;
				CLANG_ENABLE_OBJC_WEAK = YES;
				CLANG_WARN_BLOCK_CAPTURE_AUTORELEASING = YES;
				CLANG_WARN_BOOL_CONVERSION = YES;
				CLANG_WARN_COMMA = YES;
				CLANG_WARN_CONSTANT_CONVERSION = YES;
				CLANG_WARN_DEPRECATED_OBJC_IMPLEMENTATIONS = YES;
				CLANG_WARN_DIRECT_OBJC_ISA_USAGE = YES_ERROR;
				CLANG_WARN_DOCUMENTATION_COMMENTS = YES;
				CLANG_WARN_EMPTY_BODY = YES;
				CLANG_WARN_ENUM_CONVERSION = YES;
				CLANG_WARN_INFINITE_RECURSION = YES;
				CLANG_WARN_INT_CONVERSION = YES;
				CLANG_WARN_NON_LITERAL_NULL_CONVERSION = YES;
				CLANG_WARN_OBJC_IMPLICIT_RETAIN_SELF = YES;
				CLANG_WARN_OBJC_LITERAL_CONVERSION = YES;
				CLANG_WARN_OBJC_ROOT_CLASS = YES_ERROR;
				CLANG_WARN_QUOTED_INCLUDE_IN_FRAMEWORK_HEADER = YES;
				CLANG_WARN_RANGE_LOOP_ANALYSIS = YES;
				CLANG_WARN_STRICT_PROTOTYPES = YES;
				CLANG_WARN_SUSPICIOUS_MOVE = YES;
				CLANG_WARN_UNGUARDED_AVAILABILITY = YES_AGGRESSIVE;
				CLANG_WARN_UNREACHABLE_CODE = YES;
				CLANG_WARN__DUPLICATE_METHOD_MATCH = YES;
				COPY_PHASE_STRIP = NO;
				DEBUG_INFORMATION_FORMAT = dwarf;
				ENABLE_STRICT_OBJC_MSGSEND = YES;
				ENABLE_TESTABILITY = YES;
				ENABLE_USER_SCRIPT_SANDBOXING = YES;
				GCC_C_LANGUAGE_STANDARD = gnu17;
				GCC_DYNAMIC_NO_PIC = NO;
				GCC_NO_COMMON_BLOCKS = YES;
				GCC_OPTIMIZATION_LEVEL = 0;
				GCC_PREPROCESSOR_DEFINITIONS = (
					"DEBUG=1",
					"$(inherited)",
				);
				GCC_WARN_64_TO_32_BIT_CONVERSION = YES;
				GCC_WARN_ABOUT_RETURN_TYPE = YES_ERROR;
				GCC_WARN_UNDECLARED_SELECTOR = YES;
				GCC_WARN_UNINITIALIZED_AUTOS = YES_AGGRESSIVE;
				GCC_WARN_UNUSED_FUNCTION = YES;
				GCC_WARN_UNUSED_VARIABLE = YES;
				IPHONEOS_DEPLOYMENT_TARGET = 17.2;
				LOCALIZATION_PREFERS_STRING_CATALOGS = YES;
				MTL_ENABLE_DEBUG_INFO = INCLUDE_SOURCE;
				MTL_FAST_MATH = YES;
				ONLY_ACTIVE_ARCH = YES;
				SDKROOT = iphoneos;
				SWIFT_ACTIVE_COMPILATION_CONDITIONS = "DEBUG $(inherited)";
				SWIFT_OPTIMIZATION_LEVEL = "-Onone";
			};
			name = Debug;
		};
		27EC4A5C2B60564D000E0E68 /* Release */ = {
			isa = XCBuildConfiguration;
			buildSettings = {
				ALWAYS_SEARCH_USER_PATHS = NO;
				ASSETCATALOG_COMPILER_GENERATE_SWIFT_ASSET_SYMBOL_EXTENSIONS = YES;
				CLANG_ANALYZER_NONNULL = YES;
				CLANG_ANALYZER_NUMBER_OBJECT_CONVERSION = YES_AGGRESSIVE;
				CLANG_CXX_LANGUAGE_STANDARD = "gnu++20";
				CLANG_ENABLE_MODULES = YES;
				CLANG_ENABLE_OBJC_ARC = YES;
				CLANG_ENABLE_OBJC_WEAK = YES;
				CLANG_WARN_BLOCK_CAPTURE_AUTORELEASING = YES;
				CLANG_WARN_BOOL_CONVERSION = YES;
				CLANG_WARN_COMMA = YES;
				CLANG_WARN_CONSTANT_CONVERSION = YES;
				CLANG_WARN_DEPRECATED_OBJC_IMPLEMENTATIONS = YES;
				CLANG_WARN_DIRECT_OBJC_ISA_USAGE = YES_ERROR;
				CLANG_WARN_DOCUMENTATION_COMMENTS = YES;
				CLANG_WARN_EMPTY_BODY = YES;
				CLANG_WARN_ENUM_CONVERSION = YES;
				CLANG_WARN_INFINITE_RECURSION = YES;
				CLANG_WARN_INT_CONVERSION = YES;
				CLANG_WARN_NON_LITERAL_NULL_CONVERSION = YES;
				CLANG_WARN_OBJC_IMPLICIT_RETAIN_SELF = YES;
				CLANG_WARN_OBJC_LITERAL_CONVERSION = YES;
				CLANG_WARN_OBJC_ROOT_CLASS = YES_ERROR;
				CLANG_WARN_QUOTED_INCLUDE_IN_FRAMEWORK_HEADER = YES;
				CLANG_WARN_RANGE_LOOP_ANALYSIS = YES;
				CLANG_WARN_STRICT_PROTOTYPES = YES;
				CLANG_WARN_SUSPICIOUS_MOVE = YES;
				CLANG_WARN_UNGUARDED_AVAILABILITY = YES_AGGRESSIVE;
				CLANG_WARN_UNREACHABLE_CODE = YES;
				CLANG_WARN__DUPLICATE_METHOD_MATCH = YES;
				COPY_PHASE_STRIP = NO;
				DEBUG_INFORMATION_FORMAT = "dwarf-with-dsym";
				ENABLE_NS_ASSERTIONS = NO;
				ENABLE_STRICT_OBJC_MSGSEND = YES;
				ENABLE_USER_SCRIPT_SANDBOXING = YES;
				GCC_C_LANGUAGE_STANDARD = gnu17;
				GCC_NO_COMMON_BLOCKS = YES;
				GCC_WARN_64_TO_32_BIT_CONVERSION = YES;
				GCC_WARN_ABOUT_RETURN_TYPE = YES_ERROR;
				GCC_WARN_UNDECLARED_SELECTOR = YES;
				GCC_WARN_UNINITIALIZED_AUTOS = YES_AGGRESSIVE;
				GCC_WARN_UNUSED_FUNCTION = YES;
				GCC_WARN_UNUSED_VARIABLE = YES;
				IPHONEOS_DEPLOYMENT_TARGET = 17.2;
				LOCALIZATION_PREFERS_STRING_CATALOGS = YES;
				MTL_ENABLE_DEBUG_INFO = NO;
				MTL_FAST_MATH = YES;
				SDKROOT = iphoneos;
				SWIFT_COMPILATION_MODE = wholemodule;
				VALIDATE_PRODUCT = YES;
			};
			name = Release;
		};
		27EC4A5E2B60564D000E0E68 /* Debug */ = {
			isa = XCBuildConfiguration;
			buildSettings = {
				ASSETCATALOG_COMPILER_APPICON_NAME = AppIcon;
				ASSETCATALOG_COMPILER_GLOBAL_ACCENT_COLOR_NAME = AccentColor;
				CODE_SIGN_STYLE = Automatic;
				CURRENT_PROJECT_VERSION = 1;
				DEVELOPMENT_TEAM = WCM878AGWN;
				GENERATE_INFOPLIST_FILE = YES;
				INFOPLIST_FILE = MeowStar/Info.plist;
				INFOPLIST_KEY_LSApplicationCategoryType = "public.app-category.entertainment";
				INFOPLIST_KEY_UIApplicationSupportsIndirectInputEvents = YES;
				INFOPLIST_KEY_UILaunchStoryboardName = LaunchScreen;
				INFOPLIST_KEY_UIMainStoryboardFile = Main;
				INFOPLIST_KEY_UISupportedInterfaceOrientations_iPad = "UIInterfaceOrientationPortrait UIInterfaceOrientationPortraitUpsideDown UIInterfaceOrientationLandscapeLeft UIInterfaceOrientationLandscapeRight";
				INFOPLIST_KEY_UISupportedInterfaceOrientations_iPhone = "UIInterfaceOrientationPortrait UIInterfaceOrientationLandscapeLeft UIInterfaceOrientationLandscapeRight";
				LD_RUNPATH_SEARCH_PATHS = (
					"$(inherited)",
					"@executable_path/Frameworks",
				);
				MARKETING_VERSION = 1.0;
				PRODUCT_BUNDLE_IDENTIFIER = ios.suraj.MeowStar;
				PRODUCT_NAME = "$(TARGET_NAME)";
				SWIFT_EMIT_LOC_STRINGS = YES;
				SWIFT_VERSION = 5.0;
				TARGETED_DEVICE_FAMILY = "1,2";
			};
			name = Debug;
		};
		27EC4A5F2B60564D000E0E68 /* Release */ = {
			isa = XCBuildConfiguration;
			buildSettings = {
				ASSETCATALOG_COMPILER_APPICON_NAME = AppIcon;
				ASSETCATALOG_COMPILER_GLOBAL_ACCENT_COLOR_NAME = AccentColor;
				CODE_SIGN_STYLE = Automatic;
				CURRENT_PROJECT_VERSION = 1;
				DEVELOPMENT_TEAM = WCM878AGWN;
				GENERATE_INFOPLIST_FILE = YES;
				INFOPLIST_FILE = MeowStar/Info.plist;
				INFOPLIST_KEY_LSApplicationCategoryType = "public.app-category.entertainment";
				INFOPLIST_KEY_UIApplicationSupportsIndirectInputEvents = YES;
				INFOPLIST_KEY_UILaunchStoryboardName = LaunchScreen;
				INFOPLIST_KEY_UIMainStoryboardFile = Main;
				INFOPLIST_KEY_UISupportedInterfaceOrientations_iPad = "UIInterfaceOrientationPortrait UIInterfaceOrientationPortraitUpsideDown UIInterfaceOrientationLandscapeLeft UIInterfaceOrientationLandscapeRight";
				INFOPLIST_KEY_UISupportedInterfaceOrientations_iPhone = "UIInterfaceOrientationPortrait UIInterfaceOrientationLandscapeLeft UIInterfaceOrientationLandscapeRight";
				LD_RUNPATH_SEARCH_PATHS = (
					"$(inherited)",
					"@executable_path/Frameworks",
				);
				MARKETING_VERSION = 1.0;
				PRODUCT_BUNDLE_IDENTIFIER = ios.suraj.MeowStar;
				PRODUCT_NAME = "$(TARGET_NAME)";
				SWIFT_EMIT_LOC_STRINGS = YES;
				SWIFT_VERSION = 5.0;
				TARGETED_DEVICE_FAMILY = "1,2";
			};
			name = Release;
		};
/* End XCBuildConfiguration section */

/* Begin XCConfigurationList section */
		27EC4A442B60564B000E0E68 /* Build configuration list for PBXProject "MeowStar" */ = {
			isa = XCConfigurationList;
			buildConfigurations = (
				27EC4A5B2B60564D000E0E68 /* Debug */,
				27EC4A5C2B60564D000E0E68 /* Release */,
			);
			defaultConfigurationIsVisible = 0;
			defaultConfigurationName = Release;
		};
		27EC4A5D2B60564D000E0E68 /* Build configuration list for PBXNativeTarget "MeowStar" */ = {
			isa = XCConfigurationList;
			buildConfigurations = (
				27EC4A5E2B60564D000E0E68 /* Debug */,
				27EC4A5F2B60564D000E0E68 /* Release */,
			);
			defaultConfigurationIsVisible = 0;
			defaultConfigurationName = Release;
		};
/* End XCConfigurationList section */

/* Begin XCRemoteSwiftPackageReference section */
		278410112B62A9B000006AD4 /* XCRemoteSwiftPackageReference "firebase-ios-sdk" */ = {
			isa = XCRemoteSwiftPackageReference;
			repositoryURL = "https://github.com/firebase/firebase-ios-sdk";
			requirement = {
				kind = upToNextMajorVersion;
				minimumVersion = 10.20.0;
			};
		};
		27E0AE442B63908C006E9BDF /* XCRemoteSwiftPackageReference "GoogleSignIn-iOS" */ = {
			isa = XCRemoteSwiftPackageReference;
			repositoryURL = "https://github.com/google/GoogleSignIn-iOS";
			requirement = {
				kind = upToNextMajorVersion;
				minimumVersion = 7.0.0;
			};
		};
/* End XCRemoteSwiftPackageReference section */

/* Begin XCSwiftPackageProductDependency section */
		278410122B62A9B000006AD4 /* FirebaseAnalytics */ = {
			isa = XCSwiftPackageProductDependency;
			package = 278410112B62A9B000006AD4 /* XCRemoteSwiftPackageReference "firebase-ios-sdk" */;
			productName = FirebaseAnalytics;
		};
		278410142B62A9B000006AD4 /* FirebaseAnalyticsOnDeviceConversion */ = {
			isa = XCSwiftPackageProductDependency;
			package = 278410112B62A9B000006AD4 /* XCRemoteSwiftPackageReference "firebase-ios-sdk" */;
			productName = FirebaseAnalyticsOnDeviceConversion;
		};
		278410162B62A9B000006AD4 /* FirebaseAnalyticsSwift */ = {
			isa = XCSwiftPackageProductDependency;
			package = 278410112B62A9B000006AD4 /* XCRemoteSwiftPackageReference "firebase-ios-sdk" */;
			productName = FirebaseAnalyticsSwift;
		};
		278410182B62A9B000006AD4 /* FirebaseAnalyticsWithoutAdIdSupport */ = {
			isa = XCSwiftPackageProductDependency;
			package = 278410112B62A9B000006AD4 /* XCRemoteSwiftPackageReference "firebase-ios-sdk" */;
			productName = FirebaseAnalyticsWithoutAdIdSupport;
		};
		2784101A2B62A9B000006AD4 /* FirebaseAppCheck */ = {
			isa = XCSwiftPackageProductDependency;
			package = 278410112B62A9B000006AD4 /* XCRemoteSwiftPackageReference "firebase-ios-sdk" */;
			productName = FirebaseAppCheck;
		};
		2784101C2B62AAB000006AD4 /* FirebaseAnalytics */ = {
			isa = XCSwiftPackageProductDependency;
			package = 278410112B62A9B000006AD4 /* XCRemoteSwiftPackageReference "firebase-ios-sdk" */;
			productName = FirebaseAnalytics;
		};
		2784101E2B62AAB000006AD4 /* FirebaseAnalyticsOnDeviceConversion */ = {
			isa = XCSwiftPackageProductDependency;
			package = 278410112B62A9B000006AD4 /* XCRemoteSwiftPackageReference "firebase-ios-sdk" */;
			productName = FirebaseAnalyticsOnDeviceConversion;
		};
		278410202B62AAB000006AD4 /* FirebaseAnalyticsSwift */ = {
			isa = XCSwiftPackageProductDependency;
			package = 278410112B62A9B000006AD4 /* XCRemoteSwiftPackageReference "firebase-ios-sdk" */;
			productName = FirebaseAnalyticsSwift;
		};
		278410222B62AAB000006AD4 /* FirebaseAnalyticsWithoutAdIdSupport */ = {
			isa = XCSwiftPackageProductDependency;
			package = 278410112B62A9B000006AD4 /* XCRemoteSwiftPackageReference "firebase-ios-sdk" */;
			productName = FirebaseAnalyticsWithoutAdIdSupport;
		};
		278410242B62AAB000006AD4 /* FirebaseAppCheck */ = {
			isa = XCSwiftPackageProductDependency;
			package = 278410112B62A9B000006AD4 /* XCRemoteSwiftPackageReference "firebase-ios-sdk" */;
			productName = FirebaseAppCheck;
		};
		278410262B62AAB000006AD4 /* FirebaseAppDistribution-Beta */ = {
			isa = XCSwiftPackageProductDependency;
			package = 278410112B62A9B000006AD4 /* XCRemoteSwiftPackageReference "firebase-ios-sdk" */;
			productName = "FirebaseAppDistribution-Beta";
		};
		278410282B62AAB000006AD4 /* FirebaseAuth */ = {
			isa = XCSwiftPackageProductDependency;
			package = 278410112B62A9B000006AD4 /* XCRemoteSwiftPackageReference "firebase-ios-sdk" */;
			productName = FirebaseAuth;
		};
		2784102A2B62AAB000006AD4 /* FirebaseAuthCombine-Community */ = {
			isa = XCSwiftPackageProductDependency;
			package = 278410112B62A9B000006AD4 /* XCRemoteSwiftPackageReference "firebase-ios-sdk" */;
			productName = "FirebaseAuthCombine-Community";
		};
		2784102C2B62AAB000006AD4 /* FirebaseCrashlytics */ = {
			isa = XCSwiftPackageProductDependency;
			package = 278410112B62A9B000006AD4 /* XCRemoteSwiftPackageReference "firebase-ios-sdk" */;
			productName = FirebaseCrashlytics;
		};
		2784102E2B62AAB000006AD4 /* FirebaseDatabase */ = {
			isa = XCSwiftPackageProductDependency;
			package = 278410112B62A9B000006AD4 /* XCRemoteSwiftPackageReference "firebase-ios-sdk" */;
			productName = FirebaseDatabase;
		};
		278410302B62AAB000006AD4 /* FirebaseDatabaseSwift */ = {
			isa = XCSwiftPackageProductDependency;
			package = 278410112B62A9B000006AD4 /* XCRemoteSwiftPackageReference "firebase-ios-sdk" */;
			productName = FirebaseDatabaseSwift;
		};
		278410322B62AAB000006AD4 /* FirebaseDynamicLinks */ = {
			isa = XCSwiftPackageProductDependency;
			package = 278410112B62A9B000006AD4 /* XCRemoteSwiftPackageReference "firebase-ios-sdk" */;
			productName = FirebaseDynamicLinks;
		};
		278410342B62AAB000006AD4 /* FirebaseFirestore */ = {
			isa = XCSwiftPackageProductDependency;
			package = 278410112B62A9B000006AD4 /* XCRemoteSwiftPackageReference "firebase-ios-sdk" */;
			productName = FirebaseFirestore;
		};
		278410362B62AAB000006AD4 /* FirebaseFirestoreCombine-Community */ = {
			isa = XCSwiftPackageProductDependency;
			package = 278410112B62A9B000006AD4 /* XCRemoteSwiftPackageReference "firebase-ios-sdk" */;
			productName = "FirebaseFirestoreCombine-Community";
		};
		278410382B62AAB000006AD4 /* FirebaseFirestoreSwift */ = {
			isa = XCSwiftPackageProductDependency;
			package = 278410112B62A9B000006AD4 /* XCRemoteSwiftPackageReference "firebase-ios-sdk" */;
			productName = FirebaseFirestoreSwift;
		};
		2784103A2B62AAB000006AD4 /* FirebaseFunctions */ = {
			isa = XCSwiftPackageProductDependency;
			package = 278410112B62A9B000006AD4 /* XCRemoteSwiftPackageReference "firebase-ios-sdk" */;
			productName = FirebaseFunctions;
		};
		2784103C2B62AAB000006AD4 /* FirebaseFunctionsCombine-Community */ = {
			isa = XCSwiftPackageProductDependency;
			package = 278410112B62A9B000006AD4 /* XCRemoteSwiftPackageReference "firebase-ios-sdk" */;
			productName = "FirebaseFunctionsCombine-Community";
		};
		2784103E2B62AAB000006AD4 /* FirebaseInAppMessaging-Beta */ = {
			isa = XCSwiftPackageProductDependency;
			package = 278410112B62A9B000006AD4 /* XCRemoteSwiftPackageReference "firebase-ios-sdk" */;
			productName = "FirebaseInAppMessaging-Beta";
		};
		278410402B62AAB000006AD4 /* FirebaseInAppMessagingSwift-Beta */ = {
			isa = XCSwiftPackageProductDependency;
			package = 278410112B62A9B000006AD4 /* XCRemoteSwiftPackageReference "firebase-ios-sdk" */;
			productName = "FirebaseInAppMessagingSwift-Beta";
		};
		278410422B62AAB000006AD4 /* FirebaseInstallations */ = {
			isa = XCSwiftPackageProductDependency;
			package = 278410112B62A9B000006AD4 /* XCRemoteSwiftPackageReference "firebase-ios-sdk" */;
			productName = FirebaseInstallations;
		};
		278410442B62AAB000006AD4 /* FirebaseMLModelDownloader */ = {
			isa = XCSwiftPackageProductDependency;
			package = 278410112B62A9B000006AD4 /* XCRemoteSwiftPackageReference "firebase-ios-sdk" */;
			productName = FirebaseMLModelDownloader;
		};
		278410462B62AAB000006AD4 /* FirebaseMessaging */ = {
			isa = XCSwiftPackageProductDependency;
			package = 278410112B62A9B000006AD4 /* XCRemoteSwiftPackageReference "firebase-ios-sdk" */;
			productName = FirebaseMessaging;
		};
		278410482B62AAB000006AD4 /* FirebasePerformance */ = {
			isa = XCSwiftPackageProductDependency;
			package = 278410112B62A9B000006AD4 /* XCRemoteSwiftPackageReference "firebase-ios-sdk" */;
			productName = FirebasePerformance;
		};
		2784104A2B62AAB000006AD4 /* FirebaseRemoteConfig */ = {
			isa = XCSwiftPackageProductDependency;
			package = 278410112B62A9B000006AD4 /* XCRemoteSwiftPackageReference "firebase-ios-sdk" */;
			productName = FirebaseRemoteConfig;
		};
		2784104C2B62AAB000006AD4 /* FirebaseRemoteConfigSwift */ = {
			isa = XCSwiftPackageProductDependency;
			package = 278410112B62A9B000006AD4 /* XCRemoteSwiftPackageReference "firebase-ios-sdk" */;
			productName = FirebaseRemoteConfigSwift;
		};
		2784104E2B62AAB000006AD4 /* FirebaseStorage */ = {
			isa = XCSwiftPackageProductDependency;
			package = 278410112B62A9B000006AD4 /* XCRemoteSwiftPackageReference "firebase-ios-sdk" */;
			productName = FirebaseStorage;
		};
		278410502B62AAB000006AD4 /* FirebaseStorageCombine-Community */ = {
			isa = XCSwiftPackageProductDependency;
			package = 278410112B62A9B000006AD4 /* XCRemoteSwiftPackageReference "firebase-ios-sdk" */;
			productName = "FirebaseStorageCombine-Community";
		};
		27E0AE452B63908C006E9BDF /* GoogleSignIn */ = {
			isa = XCSwiftPackageProductDependency;
			package = 27E0AE442B63908C006E9BDF /* XCRemoteSwiftPackageReference "GoogleSignIn-iOS" */;
			productName = GoogleSignIn;
		};
		27E0AE472B63908C006E9BDF /* GoogleSignInSwift */ = {
			isa = XCSwiftPackageProductDependency;
			package = 27E0AE442B63908C006E9BDF /* XCRemoteSwiftPackageReference "GoogleSignIn-iOS" */;
			productName = GoogleSignInSwift;
		};
/* End XCSwiftPackageProductDependency section */
	};
	rootObject = 27EC4A412B60564B000E0E68 /* Project object */;
}
